
Microsoft Visual Studio Solution File, Format Version 12.00
# Visual Studio 15
VisualStudioVersion = 15.0.28307.1401
MinimumVisualStudioVersion = 10.0.40219.1
Project("{8BC9CEB8-8B4A-11D0-8D11-00A0C91BC942}") = "HomeWork2", "HomeWork2\HomeWork2.vcxproj", "{455E01DD-85DB-4CFA-A8A9-467563E906B7}"
EndProject
Global
	GlobalSection(SolutionConfigurationPlatforms) = preSolution
		Debug|x64 = Debug|x64
		Debug|x86 = Debug|x86
		Release|x64 = Release|x64
		Release|x86 = Release|x86
	EndGlobalSection
	GlobalSection(ProjectConfigurationPlatforms) = postSolution
		{455E01DD-85DB-4CFA-A8A9-467563E906B7}.Debug|x64.ActiveCfg = Debug|x64
		{455E01DD-85DB-4CFA-A8A9-467563E906B7}.Debug|x64.Build.0 = Debug|x64
		{455E01DD-85DB-4CFA-A8A9-467563E906B7}.Debug|x86.ActiveCfg = Debug|Win32
		{455E01DD-85DB-4CFA-A8A9-467563E906B7}.Debug|x86.Build.0 = Debug|Win32
		{455E01DD-85DB-4CFA-A8A9-467563E906B7}.Release|x64.ActiveCfg = Release|x64
		{455E01DD-85DB-4CFA-A8A9-467563E906B7}.Release|x64.Build.0 = Release|x64
		{455E01DD-85DB-4CFA-A8A9-467563E906B7}.Release|x86.ActiveCfg = Release|Win32
		{455E01DD-85DB-4CFA-A8A9-467563E906B7}.Release|x86.Build.0 = Release|Win32
	EndGlobalSection
	GlobalSection(SolutionProperties) = preSolution
		HideSolutionNode = FALSE
	EndGlobalSection
	GlobalSection(ExtensibilityGlobals) = postSolution
		SolutionGuid = {2BE859D5-617F-4332-B874-FDF0C6EB85F8}
	EndGlobalSection
EndGlobal
